#MicroXplorer Configuration settings - do not modify
ADC2.Channel-0\#ChannelRegularConversion=ADC_CHANNEL_13
ADC2.CommonPathInternal=null|null|null|null
ADC2.IPParameters=Rank-0\#ChannelRegularConversion,Channel-0\#ChannelRegularConversion,SamplingTime-0\#ChannelRegularConversion,OffsetNumber-0\#ChannelRegularConversion,NbrOfConversionFlag,CommonPathInternal
ADC2.NbrOfConversionFlag=1
ADC2.OffsetNumber-0\#ChannelRegularConversion=ADC_OFFSET_NONE
ADC2.Rank-0\#ChannelRegularConversion=1
ADC2.SamplingTime-0\#ChannelRegularConversion=ADC_SAMPLETIME_2CYCLES_5
CAD.formats=
CAD.pinconfig=
CAD.provider=
FDCAN1.AutoRetransmission=ENABLE
FDCAN1.CalculateBaudRateNominal=1000000
FDCAN1.CalculateTimeBitNominal=1000
FDCAN1.CalculateTimeQuantumNominal=25.0
FDCAN1.DataSyncJumpWidth=7
FDCAN1.DataTimeSeg1=8
FDCAN1.DataTimeSeg2=7
FDCAN1.FrameFormat=FDCAN_FRAME_FD_BRS
FDCAN1.IPParameters=CalculateTimeQuantumNominal,CalculateTimeBitNominal,CalculateBaudRateNominal,FrameFormat,AutoRetransmission,NominalSyncJumpWidth,DataTimeSeg2,NominalPrescaler,NominalTimeSeg1,NominalTimeSeg2,DataTimeSeg1,DataSyncJumpWidth
FDCAN1.NominalPrescaler=1
FDCAN1.NominalSyncJumpWidth=6
FDCAN1.NominalTimeSeg1=33
FDCAN1.NominalTimeSeg2=6
FREERTOS.IPParameters=Tasks01,configUSE_NEWLIB_REENTRANT,configTOTAL_HEAP_SIZE
FREERTOS.Tasks01=defaultTask,0,128,StartDefaultTask,Default,NULL,Dynamic,NULL,NULL
FREERTOS.configTOTAL_HEAP_SIZE=64000
FREERTOS.configUSE_NEWLIB_REENTRANT=1
File.Version=6
GPIO.groupedBy=Group By Peripherals
KeepUserPlacement=false
Mcu.CPN=STM32G491MET6
Mcu.Family=STM32G4
Mcu.IP0=ADC2
Mcu.IP1=CRC
Mcu.IP10=UART4
Mcu.IP11=UART5
Mcu.IP12=USART1
Mcu.IP13=USART2
Mcu.IP14=USART3
Mcu.IP2=FDCAN1
Mcu.IP3=FREERTOS
Mcu.IP4=LPUART1
Mcu.IP5=NVIC
Mcu.IP6=RCC
Mcu.IP7=SPI2
Mcu.IP8=SYS
Mcu.IP9=TIM3
Mcu.IPNb=15
Mcu.Name=STM32G491M(C-E)Tx
Mcu.Package=LQFP80
Mcu.Pin0=PG10-NRST
Mcu.Pin1=PC0
Mcu.Pin10=PA7
Mcu.Pin11=PC4
Mcu.Pin12=PC5
Mcu.Pin13=PE9
Mcu.Pin14=PE11
Mcu.Pin15=PE12
Mcu.Pin16=PE13
Mcu.Pin17=PE15
Mcu.Pin18=PB10
Mcu.Pin19=PB11
Mcu.Pin2=PC1
Mcu.Pin20=PB12
Mcu.Pin21=PB13
Mcu.Pin22=PB14
Mcu.Pin23=PB15
Mcu.Pin24=PD8
Mcu.Pin25=PD9
Mcu.Pin26=PD10
Mcu.Pin27=PA9
Mcu.Pin28=PA10
Mcu.Pin29=PA11
Mcu.Pin3=PC2
Mcu.Pin30=PA12
Mcu.Pin31=PA13
Mcu.Pin32=PA14
Mcu.Pin33=PC10
Mcu.Pin34=PC11
Mcu.Pin35=PC12
Mcu.Pin36=PD2
Mcu.Pin37=PB3
Mcu.Pin38=VP_CRC_VS_CRC
Mcu.Pin39=VP_FREERTOS_VS_CMSIS_V1
Mcu.Pin4=PC3
Mcu.Pin40=VP_SYS_VS_tim4
Mcu.Pin41=VP_SYS_VS_DBSignals
Mcu.Pin5=PA1
Mcu.Pin6=PA2
Mcu.Pin7=PA3
Mcu.Pin8=PA5
Mcu.Pin9=PA6
Mcu.PinsNb=42
Mcu.ThirdPartyNb=0
Mcu.UserConstants=
Mcu.UserName=STM32G491METx
MxCube.Version=6.16.1
MxDb.Version=DB.6.0.161
NVIC.BusFault_IRQn=true\:0\:0\:false\:false\:true\:false\:false\:false\:false
NVIC.DebugMonitor_IRQn=true\:0\:0\:false\:false\:true\:false\:false\:false\:false
NVIC.FDCAN1_IT0_IRQn=true\:5\:0\:false\:false\:true\:true\:true\:true\:true
NVIC.ForceEnableDMAVector=true
NVIC.HardFault_IRQn=true\:0\:0\:false\:false\:true\:false\:false\:false\:false
NVIC.MemoryManagement_IRQn=true\:0\:0\:false\:false\:true\:false\:false\:false\:false
NVIC.NonMaskableInt_IRQn=true\:0\:0\:false\:false\:true\:false\:false\:false\:false
NVIC.PendSV_IRQn=true\:15\:0\:false\:false\:false\:true\:false\:false\:false
NVIC.PriorityGroup=NVIC_PRIORITYGROUP_4
NVIC.SVCall_IRQn=true\:0\:0\:false\:false\:false\:false\:false\:false\:false
NVIC.SavedPendsvIrqHandlerGenerated=true
NVIC.SavedSvcallIrqHandlerGenerated=true
NVIC.SavedSystickIrqHandlerGenerated=true
NVIC.SysTick_IRQn=true\:15\:0\:false\:false\:false\:true\:false\:true\:false
NVIC.TIM4_IRQn=true\:15\:0\:false\:false\:true\:false\:false\:true\:true
NVIC.TimeBase=TIM4_IRQn
NVIC.TimeBaseIP=TIM4
NVIC.UART4_IRQn=true\:5\:0\:false\:false\:true\:true\:true\:true\:true
NVIC.UsageFault_IRQn=true\:0\:0\:false\:false\:true\:false\:false\:false\:false
PA1.GPIOParameters=GPIO_Label
PA1.GPIO_Label=Servo_Enable_GPIO_Output
PA1.Locked=true
PA1.Signal=GPIO_Output
PA10.GPIOParameters=GPIO_Label
PA10.GPIO_Label=CAN_Standby
PA10.Locked=true
PA10.Signal=GPIO_Output
PA11.Mode=FDCAN_Activate
PA11.Signal=FDCAN1_RX
PA12.Mode=FDCAN_Activate
PA12.Signal=FDCAN1_TX
PA13.Mode=Trace_Asynchronous_SW
PA13.Signal=SYS_JTMS-SWDIO
PA14.Mode=Trace_Asynchronous_SW
PA14.Signal=SYS_JTCK-SWCLK
PA2.GPIOParameters=GPIO_Label
PA2.GPIO_Label=UART2_C1_TX
PA2.Mode=Asynchronous
PA2.Signal=USART2_TX
PA3.GPIOParameters=GPIO_Label
PA3.GPIO_Label=UART2_C1_RX
PA3.Mode=Asynchronous
PA3.Signal=USART2_RX
PA5.GPIOParameters=GPIO_Label
PA5.GPIO_Label=SERVO_ADC
PA5.Locked=true
PA5.Mode=IN13-Single-Ended
PA5.Signal=ADC2_IN13
PA6.GPIOParameters=GPIO_Label
PA6.GPIO_Label=Servo_PWM
PA6.Locked=true
PA6.Signal=S_TIM3_CH1
PA7.GPIOParameters=GPIO_Label
PA7.GPIO_Label=C2_Enable
PA7.Locked=true
PA7.Signal=GPIO_Output
PA9.GPIOParameters=GPIO_Label
PA9.GPIO_Label=C1_Enable
PA9.Locked=true
PA9.Signal=GPIO_Output
PB10.GPIOParameters=GPIO_Label
PB10.GPIO_Label=UART3_C3_TX
PB10.Mode=Asynchronous
PB10.Signal=USART3_TX
PB11.GPIOParameters=GPIO_Label
PB11.GPIO_Label=OSD_Signal
PB11.Locked=true
PB11.Signal=GPIO_Input
PB12.GPIOParameters=GPIO_Label
PB12.GPIO_Label=Servo_UART_DE
PB12.Mode=Hardware Flow Control (RS485)
PB12.Signal=LPUART1_DE
PB13.GPIOParameters=GPIO_Label
PB13.GPIO_Label=SPI2_SCK_OSD
PB13.Mode=Full_Duplex_Master
PB13.Signal=SPI2_SCK
PB14.GPIOParameters=GPIO_Label
PB14.GPIO_Label=SPI2_MISO_OSD
PB14.Mode=Full_Duplex_Master
PB14.Signal=SPI2_MISO
PB15.GPIOParameters=GPIO_Label
PB15.GPIO_Label=SPI2_MOSI_OSD
PB15.Mode=Full_Duplex_Master
PB15.Signal=SPI2_MOSI
PB3.Mode=Trace_Asynchronous_SW
PB3.Signal=SYS_JTDO-SWO
PC0.GPIOParameters=GPIO_Label
PC0.GPIO_Label=Servo_Uart_RX
PC0.Mode=Asynchronous
PC0.Signal=LPUART1_RX
PC1.GPIOParameters=GPIO_Label
PC1.GPIO_Label=Servo_Uart_TX
PC1.Mode=Asynchronous
PC1.Signal=LPUART1_TX
PC10.Mode=Asynchronous
PC10.Signal=UART4_TX
PC11.Mode=Asynchronous
PC11.Signal=UART4_RX
PC12.GPIOParameters=GPIO_Label
PC12.GPIO_Label=UART5_HD_VTX
PC12.Mode=Half_duplex(single_wire_mode)
PC12.Signal=UART5_TX
PC2.GPIOParameters=GPIO_Label
PC2.GPIO_Label=Latch_Status_GPIO_Input
PC2.Locked=true
PC2.Signal=GPIO_Input
PC3.GPIOParameters=GPIO_Label
PC3.GPIO_Label=Latch_Resent_GPIO_Output
PC3.Locked=true
PC3.Signal=GPIO_Output
PC4.GPIOParameters=GPIO_Label
PC4.GPIO_Label=UART1_C2_TX
PC4.Mode=Asynchronous
PC4.Signal=USART1_TX
PC5.GPIOParameters=GPIO_Label
PC5.GPIO_Label=UART1_CS_RX
PC5.Mode=Asynchronous
PC5.Signal=USART1_RX
PD10.GPIOParameters=GPIO_Label
PD10.GPIO_Label=OSD_Reset
PD10.Locked=true
PD10.Signal=GPIO_Output
PD2.GPIOParameters=GPIO_Label
PD2.GPIO_Label=MUX_Shutoff
PD2.Locked=true
PD2.Signal=GPIO_Output
PD8.GPIOParameters=GPIO_Label
PD8.GPIO_Label=OSD_CS
PD8.Locked=true
PD8.Signal=GPIO_Output
PD9.GPIOParameters=GPIO_Label
PD9.GPIO_Label=VideoTX_Enable
PD9.Locked=true
PD9.Signal=GPIO_Output
PE11.GPIOParameters=GPIO_Label
PE11.GPIO_Label=Camera_Select_2
PE11.Locked=true
PE11.Signal=GPIO_Output
PE12.GPIOParameters=GPIO_Label
PE12.GPIO_Label=Camera_Select_1
PE12.Locked=true
PE12.Signal=GPIO_Output
PE13.GPIOParameters=GPIO_Label
PE13.GPIO_Label=Video_Enable
PE13.Locked=true
PE13.Signal=GPIO_Output
PE15.GPIOParameters=GPIO_Label
PE15.GPIO_Label=UART3_C3_RX
PE15.Mode=Asynchronous
PE15.Signal=USART3_RX
PE9.GPIOParameters=GPIO_Label
PE9.GPIO_Label=C3_Enable
PE9.Locked=true
PE9.Signal=GPIO_Output
PG10-NRST.GPIOParameters=GPIO_Label
PG10-NRST.GPIO_Label=NRST
PG10-NRST.Locked=true
PG10-NRST.Signal=GPIO_Input
PinOutPanel.RotationAngle=0
ProjectManager.AskForMigrate=true
ProjectManager.BackupPrevious=false
ProjectManager.CompilerLinker=GCC
ProjectManager.CompilerOptimize=6
ProjectManager.ComputerToolchain=false
ProjectManager.CoupleFile=false
ProjectManager.CustomerFirmwarePackage=
ProjectManager.DefaultFWLocation=true
ProjectManager.DeletePrevious=true
ProjectManager.DeviceId=STM32G491METx
ProjectManager.FirmwarePackage=STM32Cube FW_G4 V1.6.1
ProjectManager.FreePins=false
ProjectManager.FreePinsContext=
ProjectManager.HalAssertFull=false
ProjectManager.HeapSize=0x200
ProjectManager.KeepUserCode=true
ProjectManager.LastFirmware=true
ProjectManager.LibraryCopy=1
ProjectManager.MainLocation=Core/Src
ProjectManager.NoMain=false
ProjectManager.PreviousToolchain=STM32CubeIDE
ProjectManager.ProjectBuild=false
ProjectManager.ProjectFileName=RPB.ioc
ProjectManager.ProjectName=RPB
ProjectManager.ProjectStructure=
ProjectManager.RegisterCallBack=FDCAN,UART,USART
ProjectManager.StackSize=0x400
ProjectManager.TargetToolchain=STM32CubeIDE
ProjectManager.ToolChainLocation=
ProjectManager.UAScriptAfterPath=
ProjectManager.UAScriptBeforePath=
ProjectManager.UnderRoot=true
ProjectManager.functionlistsort=1-SystemClock_Config-RCC-false-HAL-false,2-MX_GPIO_Init-GPIO-false-HAL-true,3-MX_FDCAN1_Init-FDCAN1-false-HAL-true,4-MX_UART4_Init-UART4-false-LL-true,5-MX_UART5_Init-UART5-false-LL-true,6-MX_USART1_UART_Init-USART1-false-LL-true,7-MX_USART2_UART_Init-USART2-false-LL-true,8-MX_USART3_UART_Init-USART3-false-LL-true,9-MX_LPUART1_UART_Init-LPUART1-false-HAL-true,10-MX_ADC2_Init-ADC2-false-HAL-true,11-MX_SPI2_Init-SPI2-false-HAL-true,12-MX_TIM3_Init-TIM3-false-HAL-true,13-MX_CRC_Init-CRC-false-HAL-true
RCC.ADC12Freq_Value=80000000
RCC.ADC345Freq_Value=80000000
RCC.AHBFreq_Value=80000000
RCC.APB1CLKDivider=RCC_HCLK_DIV2
RCC.APB1Freq_Value=40000000
RCC.APB1TimFreq_Value=80000000
RCC.APB2Freq_Value=80000000
RCC.APB2TimFreq_Value=80000000
RCC.CRSFreq_Value=48000000
RCC.CortexFreq_Value=80000000
RCC.EXTERNAL_CLOCK_VALUE=12288000
RCC.FCLKCortexFreq_Value=80000000
RCC.FDCANFreq_Value=40000000
RCC.FamilyName=M
RCC.HCLKFreq_Value=80000000
RCC.HRTIM1Freq_Value=80000000
RCC.HSE_VALUE=8000000
RCC.HSI48_VALUE=48000000
RCC.HSI_VALUE=16000000
RCC.I2C1Freq_Value=40000000
RCC.I2C2Freq_Value=40000000
RCC.I2C3Freq_Value=40000000
RCC.I2SFreq_Value=80000000
RCC.IPParameters=ADC12Freq_Value,ADC345Freq_Value,AHBFreq_Value,APB1CLKDivider,APB1Freq_Value,APB1TimFreq_Value,APB2Freq_Value,APB2TimFreq_Value,CRSFreq_Value,CortexFreq_Value,EXTERNAL_CLOCK_VALUE,FCLKCortexFreq_Value,FDCANFreq_Value,FamilyName,HCLKFreq_Value,HRTIM1Freq_Value,HSE_VALUE,HSI48_VALUE,HSI_VALUE,I2C1Freq_Value,I2C2Freq_Value,I2C3Freq_Value,I2SFreq_Value,LPTIM1Freq_Value,LPUART1Freq_Value,LSCOPinFreq_Value,LSE_VALUE,LSI_VALUE,MCO1PinFreq_Value,PLLN,PLLPoutputFreq_Value,PLLQoutputFreq_Value,PLLRCLKFreq_Value,PWRFreq_Value,QSPIFreq_Value,SAI1Freq_Value,SYSCLKFreq_VALUE,SYSCLKSource,UART4Freq_Value,UART5Freq_Value,USART1Freq_Value,USART2Freq_Value,USART3Freq_Value,VCOInputFreq_Value,VCOOutputFreq_Value
RCC.LPTIM1Freq_Value=40000000
RCC.LPUART1Freq_Value=40000000
RCC.LSCOPinFreq_Value=32000
RCC.LSE_VALUE=32768
RCC.LSI_VALUE=32000
RCC.MCO1PinFreq_Value=16000000
RCC.PLLN=10
RCC.PLLPoutputFreq_Value=80000000
RCC.PLLQoutputFreq_Value=80000000
RCC.PLLRCLKFreq_Value=80000000
RCC.PWRFreq_Value=80000000
RCC.QSPIFreq_Value=80000000
RCC.SAI1Freq_Value=80000000
RCC.SYSCLKFreq_VALUE=80000000
RCC.SYSCLKSource=RCC_SYSCLKSOURCE_PLLCLK
RCC.UART4Freq_Value=40000000
RCC.UART5Freq_Value=40000000
RCC.USART1Freq_Value=80000000
RCC.USART2Freq_Value=40000000
RCC.USART3Freq_Value=40000000
RCC.VCOInputFreq_Value=16000000
RCC.VCOOutputFreq_Value=160000000
SH.S_TIM3_CH1.0=TIM3_CH1,PWM Generation1 CH1
SH.S_TIM3_CH1.ConfNb=1
SPI2.BaudRatePrescaler=SPI_BAUDRATEPRESCALER_16
SPI2.CalculateBaudRate=2.5 MBits/s
SPI2.DataSize=SPI_DATASIZE_8BIT
SPI2.Direction=SPI_DIRECTION_2LINES
SPI2.IPParameters=VirtualType,Mode,Direction,CalculateBaudRate,DataSize,BaudRatePrescaler
SPI2.Mode=SPI_MODE_MASTER
SPI2.VirtualType=VM_MASTER
TIM3.Channel-PWM\ Generation1\ CH1=TIM_CHANNEL_1
TIM3.IPParameters=Channel-PWM Generation1 CH1,Prescaler
TIM3.Prescaler=16
USART1.IPParameters=VirtualMode-Asynchronous
USART1.VirtualMode-Asynchronous=VM_ASYNC
USART2.IPParameters=VirtualMode-Asynchronous
USART2.VirtualMode-Asynchronous=VM_ASYNC
USART3.IPParameters=VirtualMode-Asynchronous
USART3.VirtualMode-Asynchronous=VM_ASYNC
VP_CRC_VS_CRC.Mode=CRC_Activate
VP_CRC_VS_CRC.Signal=CRC_VS_CRC
VP_FREERTOS_VS_CMSIS_V1.Mode=CMSIS_V1
VP_FREERTOS_VS_CMSIS_V1.Signal=FREERTOS_VS_CMSIS_V1
VP_SYS_VS_DBSignals.Mode=DisableDeadBatterySignals
VP_SYS_VS_DBSignals.Signal=SYS_VS_DBSignals
VP_SYS_VS_tim4.Mode=TIM4
VP_SYS_VS_tim4.Signal=SYS_VS_tim4
board=custom
rtos.0.ip=FREERTOS
